
Microsoft Visual Studio Solution File, Format Version 12.00
# Visual Studio Version 17
VisualStudioVersion = 17.9.34622.214
MinimumVisualStudioVersion = 10.0.40219.1
Project("{FAE04EC0-301F-11D3-BF4B-00C04F79EFBC}") = "NorthwindHTMX", "NorthwindHTMX\NorthwindHTMX.csproj", "{F7056816-37EA-4FC0-B370-A7F7CCFD5D9D}"
EndProject
Global
	GlobalSection(SolutionConfigurationPlatforms) = preSolution
		Debug|Any CPU = Debug|Any CPU
		Release|Any CPU = Release|Any CPU
	EndGlobalSection
	GlobalSection(ProjectConfigurationPlatforms) = postSolution
		{F7056816-37EA-4FC0-B370-A7F7CCFD5D9D}.Debug|Any CPU.ActiveCfg = Debug|Any CPU
		{F7056816-37EA-4FC0-B370-A7F7CCFD5D9D}.Debug|Any CPU.Build.0 = Debug|Any CPU
		{F7056816-37EA-4FC0-B370-A7F7CCFD5D9D}.Release|Any CPU.ActiveCfg = Release|Any CPU
		{F7056816-37EA-4FC0-B370-A7F7CCFD5D9D}.Release|Any CPU.Build.0 = Release|Any CPU
	EndGlobalSection
	GlobalSection(SolutionProperties) = preSolution
		HideSolutionNode = FALSE
	EndGlobalSection
	GlobalSection(ExtensibilityGlobals) = postSolution
		SolutionGuid = {FEA577CA-1C27-4D54-B9FD-2EAAC8B644E3}
	EndGlobalSection
EndGlobal
